
Microsoft Visual Studio Solution File, Format Version 12.00
# Visual Studio Version 17
VisualStudioVersion = 17.0.31903.59
MinimumVisualStudioVersion = 10.0.40219.1
Project("{2150E333-8FDC-42A3-9474-1A3956D46DE8}") = "src", "src", "{25D6BEBA-C750-4D08-867E-73D050071EBA}"
EndProject
Project("{FAE04EC0-301F-11D3-BF4B-00C04F79EFBC}") = "EmuNX.Core.Common", "src\EmuNX.Core.Common\EmuNX.Core.Common.csproj", "{8DE4E395-E0C7-4E03-BB57-0132B848484A}"
EndProject
Project("{FAE04EC0-301F-11D3-BF4B-00C04F79EFBC}") = "EmuNX.Core.RomMetadata", "src\EmuNX.Core.RomMetadata\EmuNX.Core.RomMetadata.csproj", "{908407A0-079C-4D1F-AA0C-46DFD05BB881}"
EndProject
Project("{FAE04EC0-301F-11D3-BF4B-00C04F79EFBC}") = "EmuNX.Frontend.Godot", "src\EmuNX.Frontend.Godot\EmuNX.Frontend.Godot.csproj", "{F04EBD18-3AFF-4017-95D0-83850376E70C}"
EndProject
Project("{FAE04EC0-301F-11D3-BF4B-00C04F79EFBC}") = "EmuNX.Core.Configuration", "src\EmuNX.Core.Configuration\EmuNX.Core.Configuration.csproj", "{D3383AC6-6133-4075-AA68-AE10E0B0EE9B}"
EndProject
Project("{2150E333-8FDC-42A3-9474-1A3956D46DE8}") = "tests", "tests", "{9EF8B6C8-4555-432B-AFB6-021A2A4E86D2}"
EndProject
Project("{FAE04EC0-301F-11D3-BF4B-00C04F79EFBC}") = "Tests.EmuNX", "tests\Tests.EmuNX\Tests.EmuNX.csproj", "{EAC9C20E-87F9-4766-A1EE-9C38975973DB}"
EndProject
Global
	GlobalSection(SolutionConfigurationPlatforms) = preSolution
		Debug|Any CPU = Debug|Any CPU
		Release|Any CPU = Release|Any CPU
	EndGlobalSection
	GlobalSection(SolutionProperties) = preSolution
		HideSolutionNode = FALSE
	EndGlobalSection
	GlobalSection(ProjectConfigurationPlatforms) = postSolution
		{8DE4E395-E0C7-4E03-BB57-0132B848484A}.Debug|Any CPU.ActiveCfg = Debug|Any CPU
		{8DE4E395-E0C7-4E03-BB57-0132B848484A}.Debug|Any CPU.Build.0 = Debug|Any CPU
		{8DE4E395-E0C7-4E03-BB57-0132B848484A}.Release|Any CPU.ActiveCfg = Release|Any CPU
		{8DE4E395-E0C7-4E03-BB57-0132B848484A}.Release|Any CPU.Build.0 = Release|Any CPU
		{908407A0-079C-4D1F-AA0C-46DFD05BB881}.Debug|Any CPU.ActiveCfg = Debug|Any CPU
		{908407A0-079C-4D1F-AA0C-46DFD05BB881}.Debug|Any CPU.Build.0 = Debug|Any CPU
		{908407A0-079C-4D1F-AA0C-46DFD05BB881}.Release|Any CPU.ActiveCfg = Release|Any CPU
		{908407A0-079C-4D1F-AA0C-46DFD05BB881}.Release|Any CPU.Build.0 = Release|Any CPU
		{F04EBD18-3AFF-4017-95D0-83850376E70C}.Debug|Any CPU.ActiveCfg = Debug|Any CPU
		{F04EBD18-3AFF-4017-95D0-83850376E70C}.Debug|Any CPU.Build.0 = Debug|Any CPU
		{F04EBD18-3AFF-4017-95D0-83850376E70C}.Release|Any CPU.ActiveCfg = Debug|Any CPU
		{F04EBD18-3AFF-4017-95D0-83850376E70C}.Release|Any CPU.Build.0 = Debug|Any CPU
		{D3383AC6-6133-4075-AA68-AE10E0B0EE9B}.Debug|Any CPU.ActiveCfg = Debug|Any CPU
		{D3383AC6-6133-4075-AA68-AE10E0B0EE9B}.Debug|Any CPU.Build.0 = Debug|Any CPU
		{D3383AC6-6133-4075-AA68-AE10E0B0EE9B}.Release|Any CPU.ActiveCfg = Release|Any CPU
		{D3383AC6-6133-4075-AA68-AE10E0B0EE9B}.Release|Any CPU.Build.0 = Release|Any CPU
		{EAC9C20E-87F9-4766-A1EE-9C38975973DB}.Debug|Any CPU.ActiveCfg = Debug|Any CPU
		{EAC9C20E-87F9-4766-A1EE-9C38975973DB}.Debug|Any CPU.Build.0 = Debug|Any CPU
		{EAC9C20E-87F9-4766-A1EE-9C38975973DB}.Release|Any CPU.ActiveCfg = Release|Any CPU
		{EAC9C20E-87F9-4766-A1EE-9C38975973DB}.Release|Any CPU.Build.0 = Release|Any CPU
	EndGlobalSection
	GlobalSection(NestedProjects) = preSolution
		{8DE4E395-E0C7-4E03-BB57-0132B848484A} = {25D6BEBA-C750-4D08-867E-73D050071EBA}
		{908407A0-079C-4D1F-AA0C-46DFD05BB881} = {25D6BEBA-C750-4D08-867E-73D050071EBA}
		{F04EBD18-3AFF-4017-95D0-83850376E70C} = {25D6BEBA-C750-4D08-867E-73D050071EBA}
	EndGlobalSection
EndGlobal
